// !$*UTF8*$!
{
	archiveVersion = 1;
	classes = {
	};
	objectVersion = 46;
	objects = {

/* Begin PBXBuildFile section */
		D3BFEF421EF5425E0065F99D /* CricketViewController.swift in Sources */ = {isa = PBXBuildFile; fileRef = D3BFEF411EF5425E0065F99D /* CricketViewController.swift */; };
		D3BFEF451EF545A70065F99D /* CricketList.swift in Sources */ = {isa = PBXBuildFile; fileRef = D3BFEF441EF545A70065F99D /* CricketList.swift */; };
		D3BFEF491EF548010065F99D /* CricketCell.swift in Sources */ = {isa = PBXBuildFile; fileRef = D3BFEF471EF548010065F99D /* CricketCell.swift */; };
		D3BFEF4A1EF548010065F99D /* CricketCell.xib in Resources */ = {isa = PBXBuildFile; fileRef = D3BFEF481EF548010065F99D /* CricketCell.xib */; };
		D3BFEF4C1EF54C170065F99D /* NewsSourceListViewController.swift in Sources */ = {isa = PBXBuildFile; fileRef = D3BFEF4B1EF54C170065F99D /* NewsSourceListViewController.swift */; };
		D3BFEF4E1EF54C2E0065F99D /* NewsArticleViewController.swift in Sources */ = {isa = PBXBuildFile; fileRef = D3BFEF4D1EF54C2E0065F99D /* NewsArticleViewController.swift */; };
		D3BFEF501EF54D040065F99D /* CricketSourceList.swift in Sources */ = {isa = PBXBuildFile; fileRef = D3BFEF4F1EF54D040065F99D /* CricketSourceList.swift */; };
		D3BFEF521EF54D130065F99D /* CricketArticle.swift in Sources */ = {isa = PBXBuildFile; fileRef = D3BFEF511EF54D130065F99D /* CricketArticle.swift */; };
		D3BFEF561EF550130065F99D /* NewsSourceListCell.swift in Sources */ = {isa = PBXBuildFile; fileRef = D3BFEF541EF550130065F99D /* NewsSourceListCell.swift */; };
		D3BFEF571EF550130065F99D /* NewsSourceListCell.xib in Resources */ = {isa = PBXBuildFile; fileRef = D3BFEF551EF550130065F99D /* NewsSourceListCell.xib */; };
		D3BFEF5A1EF554A00065F99D /* NewsArticleListCell.swift in Sources */ = {isa = PBXBuildFile; fileRef = D3BFEF581EF554A00065F99D /* NewsArticleListCell.swift */; };
		D3BFEF5B1EF554A00065F99D /* NewsArticleListCell.xib in Resources */ = {isa = PBXBuildFile; fileRef = D3BFEF591EF554A00065F99D /* NewsArticleListCell.xib */; };
		D3BFEF5D1EF56A0A0065F99D /* TrainRoute.swift in Sources */ = {isa = PBXBuildFile; fileRef = D3BFEF5C1EF56A0A0065F99D /* TrainRoute.swift */; };
		D3C6E5171EF4F60C007A24ED /* AppDelegate.swift in Sources */ = {isa = PBXBuildFile; fileRef = D3C6E5161EF4F60C007A24ED /* AppDelegate.swift */; };
		D3C6E5191EF4F60C007A24ED /* ViewController.swift in Sources */ = {isa = PBXBuildFile; fileRef = D3C6E5181EF4F60C007A24ED /* ViewController.swift */; };
		D3C6E51C1EF4F60C007A24ED /* Main.storyboard in Resources */ = {isa = PBXBuildFile; fileRef = D3C6E51A1EF4F60C007A24ED /* Main.storyboard */; };
		D3C6E51E1EF4F60D007A24ED /* Assets.xcassets in Resources */ = {isa = PBXBuildFile; fileRef = D3C6E51D1EF4F60D007A24ED /* Assets.xcassets */; };
		D3C6E5211EF4F60D007A24ED /* LaunchScreen.storyboard in Resources */ = {isa = PBXBuildFile; fileRef = D3C6E51F1EF4F60D007A24ED /* LaunchScreen.storyboard */; };
		D3C6E52B1EF4FE05007A24ED /* gridViewCell.swift in Sources */ = {isa = PBXBuildFile; fileRef = D3C6E5291EF4FE05007A24ED /* gridViewCell.swift */; };
		D3C6E52C1EF4FE05007A24ED /* gridViewCell.xib in Resources */ = {isa = PBXBuildFile; fileRef = D3C6E52A1EF4FE05007A24ED /* gridViewCell.xib */; };
		D3C6E5331EF513F2007A24ED /* FuelPriceController.swift in Sources */ = {isa = PBXBuildFile; fileRef = D3C6E5321EF513F2007A24ED /* FuelPriceController.swift */; };
		D3C6E5361EF519E0007A24ED /* HADropDown.swift in Sources */ = {isa = PBXBuildFile; fileRef = D3C6E5351EF519E0007A24ED /* HADropDown.swift */; };
		D3C6E5381EF52E68007A24ED /* ChennaiTrainRouteController.swift in Sources */ = {isa = PBXBuildFile; fileRef = D3C6E5371EF52E68007A24ED /* ChennaiTrainRouteController.swift */; };
		D3C6E53C1EF5383C007A24ED /* TrainListCell.swift in Sources */ = {isa = PBXBuildFile; fileRef = D3C6E53A1EF5383C007A24ED /* TrainListCell.swift */; };
		D3C6E53D1EF5383C007A24ED /* TrainListCell.xib in Resources */ = {isa = PBXBuildFile; fileRef = D3C6E53B1EF5383C007A24ED /* TrainListCell.xib */; };
		D3C6E53F1EF53A64007A24ED /* TrainListViewController.swift in Sources */ = {isa = PBXBuildFile; fileRef = D3C6E53E1EF53A64007A24ED /* TrainListViewController.swift */; };
		E537B5E272E1826760D31771 /* Pods_ApiHackathon.framework in Frameworks */ = {isa = PBXBuildFile; fileRef = 7A6A97FB84EFBCE242C1FA84 /* Pods_ApiHackathon.framework */; };
/* End PBXBuildFile section */

/* Begin PBXFileReference section */
		7A6A97FB84EFBCE242C1FA84 /* Pods_ApiHackathon.framework */ = {isa = PBXFileReference; explicitFileType = wrapper.framework; includeInIndex = 0; path = Pods_ApiHackathon.framework; sourceTree = BUILT_PRODUCTS_DIR; };
		BB8DF7ED8396B2EC1904822C /* Pods-ApiHackathon.release.xcconfig */ = {isa = PBXFileReference; includeInIndex = 1; lastKnownFileType = text.xcconfig; name = "Pods-ApiHackathon.release.xcconfig"; path = "Pods/Target Support Files/Pods-ApiHackathon/Pods-ApiHackathon.release.xcconfig"; sourceTree = "<group>"; };
		D3BFEF411EF5425E0065F99D /* CricketViewController.swift */ = {isa = PBXFileReference; fileEncoding = 4; lastKnownFileType = sourcecode.swift; name = CricketViewController.swift; path = Controller/CricketViewController.swift; sourceTree = "<group>"; };
		D3BFEF441EF545A70065F99D /* CricketList.swift */ = {isa = PBXFileReference; fileEncoding = 4; lastKnownFileType = sourcecode.swift; name = CricketList.swift; path = Model/CricketList.swift; sourceTree = "<group>"; };
		D3BFEF471EF548010065F99D /* CricketCell.swift */ = {isa = PBXFileReference; fileEncoding = 4; lastKnownFileType = sourcecode.swift; name = CricketCell.swift; path = CricketCell/CricketCell.swift; sourceTree = "<group>"; };
		D3BFEF481EF548010065F99D /* CricketCell.xib */ = {isa = PBXFileReference; fileEncoding = 4; lastKnownFileType = file.xib; name = CricketCell.xib; path = CricketCell/CricketCell.xib; sourceTree = "<group>"; };
		D3BFEF4B1EF54C170065F99D /* NewsSourceListViewController.swift */ = {isa = PBXFileReference; fileEncoding = 4; lastKnownFileType = sourcecode.swift; name = NewsSourceListViewController.swift; path = Controller/NewsSourceListViewController.swift; sourceTree = "<group>"; };
		D3BFEF4D1EF54C2E0065F99D /* NewsArticleViewController.swift */ = {isa = PBXFileReference; fileEncoding = 4; lastKnownFileType = sourcecode.swift; name = NewsArticleViewController.swift; path = Controller/NewsArticleViewController.swift; sourceTree = "<group>"; };
		D3BFEF4F1EF54D040065F99D /* CricketSourceList.swift */ = {isa = PBXFileReference; fileEncoding = 4; lastKnownFileType = sourcecode.swift; name = CricketSourceList.swift; path = Model/CricketSourceList.swift; sourceTree = "<group>"; };
		D3BFEF511EF54D130065F99D /* CricketArticle.swift */ = {isa = PBXFileReference; fileEncoding = 4; lastKnownFileType = sourcecode.swift; name = CricketArticle.swift; path = Model/CricketArticle.swift; sourceTree = "<group>"; };
		D3BFEF541EF550130065F99D /* NewsSourceListCell.swift */ = {isa = PBXFileReference; fileEncoding = 4; lastKnownFileType = sourcecode.swift; name = NewsSourceListCell.swift; path = NewsGroupCell/NewsSourceListCell.swift; sourceTree = "<group>"; };
		D3BFEF551EF550130065F99D /* NewsSourceListCell.xib */ = {isa = PBXFileReference; fileEncoding = 4; lastKnownFileType = file.xib; name = NewsSourceListCell.xib; path = NewsGroupCell/NewsSourceListCell.xib; sourceTree = "<group>"; };
		D3BFEF581EF554A00065F99D /* NewsArticleListCell.swift */ = {isa = PBXFileReference; fileEncoding = 4; lastKnownFileType = sourcecode.swift; name = NewsArticleListCell.swift; path = NewsGroupCell/NewsArticleListCell.swift; sourceTree = "<group>"; };
		D3BFEF591EF554A00065F99D /* NewsArticleListCell.xib */ = {isa = PBXFileReference; fileEncoding = 4; lastKnownFileType = file.xib; name = NewsArticleListCell.xib; path = NewsGroupCell/NewsArticleListCell.xib; sourceTree = "<group>"; };
		D3BFEF5C1EF56A0A0065F99D /* TrainRoute.swift */ = {isa = PBXFileReference; fileEncoding = 4; lastKnownFileType = sourcecode.swift; name = TrainRoute.swift; path = Model/TrainRoute.swift; sourceTree = "<group>"; };
		D3C6E5131EF4F60C007A24ED /* TouchEver.app */ = {isa = PBXFileReference; explicitFileType = wrapper.application; includeInIndex = 0; path = TouchEver.app; sourceTree = BUILT_PRODUCTS_DIR; };
		D3C6E5161EF4F60C007A24ED /* AppDelegate.swift */ = {isa = PBXFileReference; lastKnownFileType = sourcecode.swift; path = AppDelegate.swift; sourceTree = "<group>"; };
		D3C6E5181EF4F60C007A24ED /* ViewController.swift */ = {isa = PBXFileReference; lastKnownFileType = sourcecode.swift; path = ViewController.swift; sourceTree = "<group>"; };
		D3C6E51B1EF4F60C007A24ED /* Base */ = {isa = PBXFileReference; lastKnownFileType = file.storyboard; name = Base; path = Base.lproj/Main.storyboard; sourceTree = "<group>"; };
		D3C6E51D1EF4F60D007A24ED /* Assets.xcassets */ = {isa = PBXFileReference; lastKnownFileType = folder.assetcatalog; path = Assets.xcassets; sourceTree = "<group>"; };
		D3C6E5201EF4F60D007A24ED /* Base */ = {isa = PBXFileReference; lastKnownFileType = file.storyboard; name = Base; path = Base.lproj/LaunchScreen.storyboard; sourceTree = "<group>"; };
		D3C6E5221EF4F60D007A24ED /* Info.plist */ = {isa = PBXFileReference; lastKnownFileType = text.plist.xml; path = Info.plist; sourceTree = "<group>"; };
		D3C6E5291EF4FE05007A24ED /* gridViewCell.swift */ = {isa = PBXFileReference; fileEncoding = 4; lastKnownFileType = sourcecode.swift; name = gridViewCell.swift; path = GridViewLayout/gridViewCell.swift; sourceTree = "<group>"; };
		D3C6E52A1EF4FE05007A24ED /* gridViewCell.xib */ = {isa = PBXFileReference; fileEncoding = 4; lastKnownFileType = file.xib; name = gridViewCell.xib; path = GridViewLayout/gridViewCell.xib; sourceTree = "<group>"; };
		D3C6E5321EF513F2007A24ED /* FuelPriceController.swift */ = {isa = PBXFileReference; fileEncoding = 4; lastKnownFileType = sourcecode.swift; name = FuelPriceController.swift; path = Controller/FuelPriceController.swift; sourceTree = "<group>"; };
		D3C6E5351EF519E0007A24ED /* HADropDown.swift */ = {isa = PBXFileReference; fileEncoding = 4; lastKnownFileType = sourcecode.swift; name = HADropDown.swift; path = ThirdParty/HADropDown.swift; sourceTree = "<group>"; };
		D3C6E5371EF52E68007A24ED /* ChennaiTrainRouteController.swift */ = {isa = PBXFileReference; fileEncoding = 4; lastKnownFileType = sourcecode.swift; name = ChennaiTrainRouteController.swift; path = Controller/ChennaiTrainRouteController.swift; sourceTree = "<group>"; };
		D3C6E53A1EF5383C007A24ED /* TrainListCell.swift */ = {isa = PBXFileReference; fileEncoding = 4; lastKnownFileType = sourcecode.swift; name = TrainListCell.swift; path = TrainListCell/TrainListCell.swift; sourceTree = "<group>"; };
		D3C6E53B1EF5383C007A24ED /* TrainListCell.xib */ = {isa = PBXFileReference; fileEncoding = 4; lastKnownFileType = file.xib; name = TrainListCell.xib; path = TrainListCell/TrainListCell.xib; sourceTree = "<group>"; };
		D3C6E53E1EF53A64007A24ED /* TrainListViewController.swift */ = {isa = PBXFileReference; fileEncoding = 4; lastKnownFileType = sourcecode.swift; name = TrainListViewController.swift; path = Controller/TrainListViewController.swift; sourceTree = "<group>"; };
		DA2CE30EA13359004455A536 /* Pods-ApiHackathon.debug.xcconfig */ = {isa = PBXFileReference; includeInIndex = 1; lastKnownFileType = text.xcconfig; name = "Pods-ApiHackathon.debug.xcconfig"; path = "Pods/Target Support Files/Pods-ApiHackathon/Pods-ApiHackathon.debug.xcconfig"; sourceTree = "<group>"; };
/* End PBXFileReference section */

/* Begin PBXFrameworksBuildPhase section */
		D3C6E5101EF4F60C007A24ED /* Frameworks */ = {
			isa = PBXFrameworksBuildPhase;
			buildActionMask = 2147483647;
			files = (
				E537B5E272E1826760D31771 /* Pods_ApiHackathon.framework in Frameworks */,
			);
			runOnlyForDeploymentPostprocessing = 0;
		};
/* End PBXFrameworksBuildPhase section */

/* Begin PBXGroup section */
		16D6FB23C0F885B21726C50E /* Pods */ = {
			isa = PBXGroup;
			children = (
				DA2CE30EA13359004455A536 /* Pods-ApiHackathon.debug.xcconfig */,
				BB8DF7ED8396B2EC1904822C /* Pods-ApiHackathon.release.xcconfig */,
			);
			name = Pods;
			sourceTree = "<group>";
		};
		A7D603A39EABA257C3D5A610 /* Frameworks */ = {
			isa = PBXGroup;
			children = (
				7A6A97FB84EFBCE242C1FA84 /* Pods_ApiHackathon.framework */,
			);
			name = Frameworks;
			sourceTree = "<group>";
		};
		D3BFEF431EF545950065F99D /* Model */ = {
			isa = PBXGroup;
			children = (
				D3BFEF441EF545A70065F99D /* CricketList.swift */,
				D3BFEF4F1EF54D040065F99D /* CricketSourceList.swift */,
				D3BFEF511EF54D130065F99D /* CricketArticle.swift */,
				D3BFEF5C1EF56A0A0065F99D /* TrainRoute.swift */,
			);
			name = Model;
			sourceTree = "<group>";
		};
		D3BFEF461EF547D60065F99D /* CricketListCell */ = {
			isa = PBXGroup;
			children = (
				D3BFEF471EF548010065F99D /* CricketCell.swift */,
				D3BFEF481EF548010065F99D /* CricketCell.xib */,
			);
			name = CricketListCell;
			sourceTree = "<group>";
		};
		D3BFEF531EF54FE90065F99D /* NewsGroup */ = {
			isa = PBXGroup;
			children = (
				D3BFEF541EF550130065F99D /* NewsSourceListCell.swift */,
				D3BFEF551EF550130065F99D /* NewsSourceListCell.xib */,
				D3BFEF581EF554A00065F99D /* NewsArticleListCell.swift */,
				D3BFEF591EF554A00065F99D /* NewsArticleListCell.xib */,
			);
			name = NewsGroup;
			sourceTree = "<group>";
		};
		D3C6E50A1EF4F60C007A24ED = {
			isa = PBXGroup;
			children = (
				D3C6E5151EF4F60C007A24ED /* ApiHackathon */,
				D3C6E5141EF4F60C007A24ED /* Products */,
				16D6FB23C0F885B21726C50E /* Pods */,
				A7D603A39EABA257C3D5A610 /* Frameworks */,
			);
			sourceTree = "<group>";
		};
		D3C6E5141EF4F60C007A24ED /* Products */ = {
			isa = PBXGroup;
			children = (
				D3C6E5131EF4F60C007A24ED /* TouchEver.app */,
			);
			name = Products;
			sourceTree = "<group>";
		};
		D3C6E5151EF4F60C007A24ED /* ApiHackathon */ = {
			isa = PBXGroup;
			children = (
				D3BFEF531EF54FE90065F99D /* NewsGroup */,
				D3BFEF461EF547D60065F99D /* CricketListCell */,
				D3BFEF431EF545950065F99D /* Model */,
				D3C6E5391EF53802007A24ED /* TrainListCell */,
				D3C6E5341EF519C7007A24ED /* ThirdParty */,
				D3C6E5311EF513CD007A24ED /* Controller */,
				D3C6E5281EF4FDCA007A24ED /* GridViewLayout */,
				D3C6E5161EF4F60C007A24ED /* AppDelegate.swift */,
				D3C6E51A1EF4F60C007A24ED /* Main.storyboard */,
				D3C6E51D1EF4F60D007A24ED /* Assets.xcassets */,
				D3C6E51F1EF4F60D007A24ED /* LaunchScreen.storyboard */,
				D3C6E5221EF4F60D007A24ED /* Info.plist */,
			);
			path = ApiHackathon;
			sourceTree = "<group>";
		};
		D3C6E5281EF4FDCA007A24ED /* GridViewLayout */ = {
			isa = PBXGroup;
			children = (
				D3C6E5291EF4FE05007A24ED /* gridViewCell.swift */,
				D3C6E52A1EF4FE05007A24ED /* gridViewCell.xib */,
			);
			name = GridViewLayout;
			sourceTree = "<group>";
		};
		D3C6E5311EF513CD007A24ED /* Controller */ = {
			isa = PBXGroup;
			children = (
				D3C6E5181EF4F60C007A24ED /* ViewController.swift */,
				D3C6E5321EF513F2007A24ED /* FuelPriceController.swift */,
				D3C6E5371EF52E68007A24ED /* ChennaiTrainRouteController.swift */,
				D3C6E53E1EF53A64007A24ED /* TrainListViewController.swift */,
				D3BFEF411EF5425E0065F99D /* CricketViewController.swift */,
				D3BFEF4B1EF54C170065F99D /* NewsSourceListViewController.swift */,
				D3BFEF4D1EF54C2E0065F99D /* NewsArticleViewController.swift */,
			);
			name = Controller;
			sourceTree = "<group>";
		};
		D3C6E5341EF519C7007A24ED /* ThirdParty */ = {
			isa = PBXGroup;
			children = (
				D3C6E5351EF519E0007A24ED /* HADropDown.swift */,
			);
			name = ThirdParty;
			sourceTree = "<group>";
		};
		D3C6E5391EF53802007A24ED /* TrainListCell */ = {
			isa = PBXGroup;
			children = (
				D3C6E53A1EF5383C007A24ED /* TrainListCell.swift */,
				D3C6E53B1EF5383C007A24ED /* TrainListCell.xib */,
			);
			name = TrainListCell;
			sourceTree = "<group>";
		};
/* End PBXGroup section */

/* Begin PBXNativeTarget section */
		D3C6E5121EF4F60C007A24ED /* ApiHackathon */ = {
			isa = PBXNativeTarget;
			buildConfigurationList = D3C6E5251EF4F60D007A24ED /* Build configuration list for PBXNativeTarget "ApiHackathon" */;
			buildPhases = (
				7CDFC181DA56C8254F3409CC /* [CP] Check Pods Manifest.lock */,
				D3C6E50F1EF4F60C007A24ED /* Sources */,
				D3C6E5101EF4F60C007A24ED /* Frameworks */,
				D3C6E5111EF4F60C007A24ED /* Resources */,
				6A404D3660ED6D0AC914B4E4 /* [CP] Embed Pods Frameworks */,
				62EFE88A73FC1124FB2E321F /* [CP] Copy Pods Resources */,
			);
			buildRules = (
			);
			dependencies = (
			);
			name = ApiHackathon;
			productName = ApiHackathon;
			productReference = D3C6E5131EF4F60C007A24ED /* TouchEver.app */;
			productType = "com.apple.product-type.application";
		};
/* End PBXNativeTarget section */

/* Begin PBXProject section */
		D3C6E50B1EF4F60C007A24ED /* Project object */ = {
			isa = PBXProject;
			attributes = {
				LastSwiftUpdateCheck = 0820;
				LastUpgradeCheck = 0820;
				ORGANIZATIONNAME = MegaMind;
				TargetAttributes = {
					D3C6E5121EF4F60C007A24ED = {
						CreatedOnToolsVersion = 8.2.1;
						ProvisioningStyle = Automatic;
					};
				};
			};
			buildConfigurationList = D3C6E50E1EF4F60C007A24ED /* Build configuration list for PBXProject "ApiHackathon" */;
			compatibilityVersion = "Xcode 3.2";
			developmentRegion = English;
			hasScannedForEncodings = 0;
			knownRegions = (
				en,
				Base,
			);
			mainGroup = D3C6E50A1EF4F60C007A24ED;
			productRefGroup = D3C6E5141EF4F60C007A24ED /* Products */;
			projectDirPath = "";
			projectRoot = "";
			targets = (
				D3C6E5121EF4F60C007A24ED /* ApiHackathon */,
			);
		};
/* End PBXProject section */

/* Begin PBXResourcesBuildPhase section */
		D3C6E5111EF4F60C007A24ED /* Resources */ = {
			isa = PBXResourcesBuildPhase;
			buildActionMask = 2147483647;
			files = (
				D3C6E5211EF4F60D007A24ED /* LaunchScreen.storyboard in Resources */,
				D3BFEF5B1EF554A00065F99D /* NewsArticleListCell.xib in Resources */,
				D3BFEF571EF550130065F99D /* NewsSourceListCell.xib in Resources */,
				D3C6E51E1EF4F60D007A24ED /* Assets.xcassets in Resources */,
				D3C6E53D1EF5383C007A24ED /* TrainListCell.xib in Resources */,
				D3C6E52C1EF4FE05007A24ED /* gridViewCell.xib in Resources */,
				D3C6E51C1EF4F60C007A24ED /* Main.storyboard in Resources */,
				D3BFEF4A1EF548010065F99D /* CricketCell.xib in Resources */,
			);
			runOnlyForDeploymentPostprocessing = 0;
		};
/* End PBXResourcesBuildPhase section */

/* Begin PBXShellScriptBuildPhase section */
		62EFE88A73FC1124FB2E321F /* [CP] Copy Pods Resources */ = {
			isa = PBXShellScriptBuildPhase;
			buildActionMask = 2147483647;
			files = (
			);
			inputPaths = (
			);
			name = "[CP] Copy Pods Resources";
			outputPaths = (
			);
			runOnlyForDeploymentPostprocessing = 0;
			shellPath = /bin/sh;
			shellScript = "\"${SRCROOT}/Pods/Target Support Files/Pods-ApiHackathon/Pods-ApiHackathon-resources.sh\"\n";
			showEnvVarsInLog = 0;
		};
		6A404D3660ED6D0AC914B4E4 /* [CP] Embed Pods Frameworks */ = {
			isa = PBXShellScriptBuildPhase;
			buildActionMask = 2147483647;
			files = (
			);
			inputPaths = (
			);
			name = "[CP] Embed Pods Frameworks";
			outputPaths = (
			);
			runOnlyForDeploymentPostprocessing = 0;
			shellPath = /bin/sh;
			shellScript = "\"${SRCROOT}/Pods/Target Support Files/Pods-ApiHackathon/Pods-ApiHackathon-frameworks.sh\"\n";
			showEnvVarsInLog = 0;
		};
		7CDFC181DA56C8254F3409CC /* [CP] Check Pods Manifest.lock */ = {
			isa = PBXShellScriptBuildPhase;
			buildActionMask = 2147483647;
			files = (
			);
			inputPaths = (
			);
			name = "[CP] Check Pods Manifest.lock";
			outputPaths = (
			);
			runOnlyForDeploymentPostprocessing = 0;
			shellPath = /bin/sh;
			shellScript = "diff \"${PODS_ROOT}/../Podfile.lock\" \"${PODS_ROOT}/Manifest.lock\" > /dev/null\nif [ $? != 0 ] ; then\n    # print error to STDERR\n    echo \"error: The sandbox is not in sync with the Podfile.lock. Run 'pod install' or update your CocoaPods installation.\" >&2\n    exit 1\nfi\n";
			showEnvVarsInLog = 0;
		};
/* End PBXShellScriptBuildPhase section */

/* Begin PBXSourcesBuildPhase section */
		D3C6E50F1EF4F60C007A24ED /* Sources */ = {
			isa = PBXSourcesBuildPhase;
			buildActionMask = 2147483647;
			files = (
				D3C6E53C1EF5383C007A24ED /* TrainListCell.swift in Sources */,
				D3C6E5381EF52E68007A24ED /* ChennaiTrainRouteController.swift in Sources */,
				D3C6E5331EF513F2007A24ED /* FuelPriceController.swift in Sources */,
				D3C6E5191EF4F60C007A24ED /* ViewController.swift in Sources */,
				D3BFEF4E1EF54C2E0065F99D /* NewsArticleViewController.swift in Sources */,
				D3C6E53F1EF53A64007A24ED /* TrainListViewController.swift in Sources */,
				D3BFEF421EF5425E0065F99D /* CricketViewController.swift in Sources */,
				D3BFEF521EF54D130065F99D /* CricketArticle.swift in Sources */,
				D3BFEF5D1EF56A0A0065F99D /* TrainRoute.swift in Sources */,
				D3C6E5171EF4F60C007A24ED /* AppDelegate.swift in Sources */,
				D3C6E52B1EF4FE05007A24ED /* gridViewCell.swift in Sources */,
				D3BFEF4C1EF54C170065F99D /* NewsSourceListViewController.swift in Sources */,
				D3BFEF561EF550130065F99D /* NewsSourceListCell.swift in Sources */,
				D3BFEF5A1EF554A00065F99D /* NewsArticleListCell.swift in Sources */,
				D3BFEF501EF54D040065F99D /* CricketSourceList.swift in Sources */,
				D3BFEF491EF548010065F99D /* CricketCell.swift in Sources */,
				D3C6E5361EF519E0007A24ED /* HADropDown.swift in Sources */,
				D3BFEF451EF545A70065F99D /* CricketList.swift in Sources */,
			);
			runOnlyForDeploymentPostprocessing = 0;
		};
/* End PBXSourcesBuildPhase section */

/* Begin PBXVariantGroup section */
		D3C6E51A1EF4F60C007A24ED /* Main.storyboard */ = {
			isa = PBXVariantGroup;
			children = (
				D3C6E51B1EF4F60C007A24ED /* Base */,
			);
			name = Main.storyboard;
			sourceTree = "<group>";
		};
		D3C6E51F1EF4F60D007A24ED /* LaunchScreen.storyboard */ = {
			isa = PBXVariantGroup;
			children = (
				D3C6E5201EF4F60D007A24ED /* Base */,
			);
			name = LaunchScreen.storyboard;
			sourceTree = "<group>";
		};
/* End PBXVariantGroup section */

/* Begin XCBuildConfiguration section */
		D3C6E5231EF4F60D007A24ED /* Debug */ = {
			isa = XCBuildConfiguration;
			buildSettings = {
				ALWAYS_SEARCH_USER_PATHS = NO;
				CLANG_ANALYZER_NONNULL = YES;
				CLANG_CXX_LANGUAGE_STANDARD = "gnu++0x";
				CLANG_CXX_LIBRARY = "libc++";
				CLANG_ENABLE_MODULES = YES;
				CLANG_ENABLE_OBJC_ARC = YES;
				CLANG_WARN_BOOL_CONVERSION = YES;
				CLANG_WARN_CONSTANT_CONVERSION = YES;
				CLANG_WARN_DIRECT_OBJC_ISA_USAGE = YES_ERROR;
				CLANG_WARN_DOCUMENTATION_COMMENTS = YES;
				CLANG_WARN_EMPTY_BODY = YES;
				CLANG_WARN_ENUM_CONVERSION = YES;
				CLANG_WARN_INFINITE_RECURSION = YES;
				CLANG_WARN_INT_CONVERSION = YES;
				CLANG_WARN_OBJC_ROOT_CLASS = YES_ERROR;
				CLANG_WARN_SUSPICIOUS_MOVE = YES;
				CLANG_WARN_UNREACHABLE_CODE = YES;
				CLANG_WARN__DUPLICATE_METHOD_MATCH = YES;
				"CODE_SIGN_IDENTITY[sdk=iphoneos*]" = "iPhone Developer";
				COPY_PHASE_STRIP = NO;
				DEBUG_INFORMATION_FORMAT = dwarf;
				ENABLE_STRICT_OBJC_MSGSEND = YES;
				ENABLE_TESTABILITY = YES;
				GCC_C_LANGUAGE_STANDARD = gnu99;
				GCC_DYNAMIC_NO_PIC = NO;
				GCC_NO_COMMON_BLOCKS = YES;
				GCC_OPTIMIZATION_LEVEL = 0;
				GCC_PREPROCESSOR_DEFINITIONS = (
					"DEBUG=1",
					"$(inherited)",
				);
				GCC_WARN_64_TO_32_BIT_CONVERSION = YES;
				GCC_WARN_ABOUT_RETURN_TYPE = YES_ERROR;
				GCC_WARN_UNDECLARED_SELECTOR = YES;
				GCC_WARN_UNINITIALIZED_AUTOS = YES_AGGRESSIVE;
				GCC_WARN_UNUSED_FUNCTION = YES;
				GCC_WARN_UNUSED_VARIABLE = YES;
				IPHONEOS_DEPLOYMENT_TARGET = 10.2;
				MTL_ENABLE_DEBUG_INFO = YES;
				ONLY_ACTIVE_ARCH = YES;
				SDKROOT = iphoneos;
				SWIFT_ACTIVE_COMPILATION_CONDITIONS = DEBUG;
				SWIFT_OPTIMIZATION_LEVEL = "-Onone";
				TARGETED_DEVICE_FAMILY = "1,2";
			};
			name = Debug;
		};
		D3C6E5241EF4F60D007A24ED /* Release */ = {
			isa = XCBuildConfiguration;
			buildSettings = {
				ALWAYS_SEARCH_USER_PATHS = NO;
				CLANG_ANALYZER_NONNULL = YES;
				CLANG_CXX_LANGUAGE_STANDARD = "gnu++0x";
				CLANG_CXX_LIBRARY = "libc++";
				CLANG_ENABLE_MODULES = YES;
				CLANG_ENABLE_OBJC_ARC = YES;
				CLANG_WARN_BOOL_CONVERSION = YES;
				CLANG_WARN_CONSTANT_CONVERSION = YES;
				CLANG_WARN_DIRECT_OBJC_ISA_USAGE = YES_ERROR;
				CLANG_WARN_DOCUMENTATION_COMMENTS = YES;
				CLANG_WARN_EMPTY_BODY = YES;
				CLANG_WARN_ENUM_CONVERSION = YES;
				CLANG_WARN_INFINITE_RECURSION = YES;
				CLANG_WARN_INT_CONVERSION = YES;
				CLANG_WARN_OBJC_ROOT_CLASS = YES_ERROR;
				CLANG_WARN_SUSPICIOUS_MOVE = YES;
				CLANG_WARN_UNREACHABLE_CODE = YES;
				CLANG_WARN__DUPLICATE_METHOD_MATCH = YES;
				"CODE_SIGN_IDENTITY[sdk=iphoneos*]" = "iPhone Developer";
				COPY_PHASE_STRIP = NO;
				DEBUG_INFORMATION_FORMAT = "dwarf-with-dsym";
				ENABLE_NS_ASSERTIONS = NO;
				ENABLE_STRICT_OBJC_MSGSEND = YES;
				GCC_C_LANGUAGE_STANDARD = gnu99;
				GCC_NO_COMMON_BLOCKS = YES;
				GCC_WARN_64_TO_32_BIT_CONVERSION = YES;
				GCC_WARN_ABOUT_RETURN_TYPE = YES_ERROR;
				GCC_WARN_UNDECLARED_SELECTOR = YES;
				GCC_WARN_UNINITIALIZED_AUTOS = YES_AGGRESSIVE;
				GCC_WARN_UNUSED_FUNCTION = YES;
				GCC_WARN_UNUSED_VARIABLE = YES;
				IPHONEOS_DEPLOYMENT_TARGET = 10.2;
				MTL_ENABLE_DEBUG_INFO = NO;
				SDKROOT = iphoneos;
				SWIFT_OPTIMIZATION_LEVEL = "-Owholemodule";
				TARGETED_DEVICE_FAMILY = "1,2";
				VALIDATE_PRODUCT = YES;
			};
			name = Release;
		};
		D3C6E5261EF4F60D007A24ED /* Debug */ = {
			isa = XCBuildConfiguration;
			baseConfigurationReference = DA2CE30EA13359004455A536 /* Pods-ApiHackathon.debug.xcconfig */;
			buildSettings = {
				ASSETCATALOG_COMPILER_APPICON_NAME = AppIcon;
				INFOPLIST_FILE = ApiHackathon/Info.plist;
				LD_RUNPATH_SEARCH_PATHS = "$(inherited) @executable_path/Frameworks";
				PRODUCT_BUNDLE_IDENTIFIER = com.megamid.ApiHackathon;
				PRODUCT_NAME = TouchEver;
				SWIFT_VERSION = 3.0;
			};
			name = Debug;
		};
		D3C6E5271EF4F60D007A24ED /* Release */ = {
			isa = XCBuildConfiguration;
			baseConfigurationReference = BB8DF7ED8396B2EC1904822C /* Pods-ApiHackathon.release.xcconfig */;
			buildSettings = {
				ASSETCATALOG_COMPILER_APPICON_NAME = AppIcon;
				INFOPLIST_FILE = ApiHackathon/Info.plist;
				LD_RUNPATH_SEARCH_PATHS = "$(inherited) @executable_path/Frameworks";
				PRODUCT_BUNDLE_IDENTIFIER = com.megamid.ApiHackathon;
				PRODUCT_NAME = TouchEver;
				SWIFT_VERSION = 3.0;
			};
			name = Release;
		};
/* End XCBuildConfiguration section */

/* Begin XCConfigurationList section */
		D3C6E50E1EF4F60C007A24ED /* Build configuration list for PBXProject "ApiHackathon" */ = {
			isa = XCConfigurationList;
			buildConfigurations = (
				D3C6E5231EF4F60D007A24ED /* Debug */,
				D3C6E5241EF4F60D007A24ED /* Release */,
			);
			defaultConfigurationIsVisible = 0;
			defaultConfigurationName = Release;
		};
		D3C6E5251EF4F60D007A24ED /* Build configuration list for PBXNativeTarget "ApiHackathon" */ = {
			isa = XCConfigurationList;
			buildConfigurations = (
				D3C6E5261EF4F60D007A24ED /* Debug */,
				D3C6E5271EF4F60D007A24ED /* Release */,
			);
			defaultConfigurationIsVisible = 0;
			defaultConfigurationName = Release;
		};
/* End XCConfigurationList section */
	};
	rootObject = D3C6E50B1EF4F60C007A24ED /* Project object */;
}
